
Microsoft Visual Studio Solution File, Format Version 12.00
Project("{FAE04EC0-301F-11D3-BF4B-00C04F79EFBC}") = "My101Romance", "My101Romance\My101Romance.csproj", "{2F7FFD41-0967-4E02-9DFD-88B284CF960D}"
EndProject
Global
	GlobalSection(SolutionConfigurationPlatforms) = preSolution
		Debug|Any CPU = Debug|Any CPU
		Release|Any CPU = Release|Any CPU
	EndGlobalSection
	GlobalSection(ProjectConfigurationPlatforms) = postSolution
		{2F7FFD41-0967-4E02-9DFD-88B284CF960D}.Debug|Any CPU.ActiveCfg = Debug|Any CPU
		{2F7FFD41-0967-4E02-9DFD-88B284CF960D}.Debug|Any CPU.Build.0 = Debug|Any CPU
		{2F7FFD41-0967-4E02-9DFD-88B284CF960D}.Release|Any CPU.ActiveCfg = Release|Any CPU
		{2F7FFD41-0967-4E02-9DFD-88B284CF960D}.Release|Any CPU.Build.0 = Release|Any CPU
	EndGlobalSection
EndGlobal
