
Microsoft Visual Studio Solution File, Format Version 12.00
Project("{FAE04EC0-301F-11D3-BF4B-00C04F79EFBC}") = "My101Romance", "My101Romance\My101Romance.csproj", "{2F7FFD41-0967-4E02-9DFD-88B284CF960D}"
EndProject
Project("{2150E333-8FDC-42A3-9474-1A3956D46DE8}") = "DAL", "DAL", "{9A524D01-38DB-4BCA-97ED-02D4039ED164}"
EndProject
Project("{FAE04EC0-301F-11D3-BF4B-00C04F79EFBC}") = "My101Romance.DAL", "My101Romance.DAL\My101Romance.DAL.csproj", "{D7A99719-7266-4C7D-8836-679855758198}"
EndProject
Project("{2150E333-8FDC-42A3-9474-1A3956D46DE8}") = "Domain", "Domain", "{F42EB2DE-024A-4D5F-B3A3-7F5D5952C6B6}"
EndProject
Project("{FAE04EC0-301F-11D3-BF4B-00C04F79EFBC}") = "My101Romance.Domain", "My101Romance.Domain\My101Romance.Domain.csproj", "{E3F058FD-D21E-43E0-8F59-A7E0923CED3B}"
EndProject
Project("{2150E333-8FDC-42A3-9474-1A3956D46DE8}") = "Migrations", "Migrations", "{097EFD88-8C21-424F-AF2D-20E59F9D06D3}"
EndProject
Project("{FAE04EC0-301F-11D3-BF4B-00C04F79EFBC}") = "My101Romance.Migrations", "My101Romance.Migrations\My101Romance.Migrations.csproj", "{B07A6653-4E44-4BE7-80F5-ADC8983B0CE8}"
EndProject
Global
	GlobalSection(SolutionConfigurationPlatforms) = preSolution
		Debug|Any CPU = Debug|Any CPU
		Release|Any CPU = Release|Any CPU
	EndGlobalSection
	GlobalSection(ProjectConfigurationPlatforms) = postSolution
		{2F7FFD41-0967-4E02-9DFD-88B284CF960D}.Debug|Any CPU.ActiveCfg = Debug|Any CPU
		{2F7FFD41-0967-4E02-9DFD-88B284CF960D}.Debug|Any CPU.Build.0 = Debug|Any CPU
		{2F7FFD41-0967-4E02-9DFD-88B284CF960D}.Release|Any CPU.ActiveCfg = Release|Any CPU
		{2F7FFD41-0967-4E02-9DFD-88B284CF960D}.Release|Any CPU.Build.0 = Release|Any CPU
		{D7A99719-7266-4C7D-8836-679855758198}.Debug|Any CPU.ActiveCfg = Debug|Any CPU
		{D7A99719-7266-4C7D-8836-679855758198}.Debug|Any CPU.Build.0 = Debug|Any CPU
		{D7A99719-7266-4C7D-8836-679855758198}.Release|Any CPU.ActiveCfg = Release|Any CPU
		{D7A99719-7266-4C7D-8836-679855758198}.Release|Any CPU.Build.0 = Release|Any CPU
		{E3F058FD-D21E-43E0-8F59-A7E0923CED3B}.Debug|Any CPU.ActiveCfg = Debug|Any CPU
		{E3F058FD-D21E-43E0-8F59-A7E0923CED3B}.Debug|Any CPU.Build.0 = Debug|Any CPU
		{E3F058FD-D21E-43E0-8F59-A7E0923CED3B}.Release|Any CPU.ActiveCfg = Release|Any CPU
		{E3F058FD-D21E-43E0-8F59-A7E0923CED3B}.Release|Any CPU.Build.0 = Release|Any CPU
		{B07A6653-4E44-4BE7-80F5-ADC8983B0CE8}.Debug|Any CPU.ActiveCfg = Debug|Any CPU
		{B07A6653-4E44-4BE7-80F5-ADC8983B0CE8}.Debug|Any CPU.Build.0 = Debug|Any CPU
		{B07A6653-4E44-4BE7-80F5-ADC8983B0CE8}.Release|Any CPU.ActiveCfg = Release|Any CPU
		{B07A6653-4E44-4BE7-80F5-ADC8983B0CE8}.Release|Any CPU.Build.0 = Release|Any CPU
	EndGlobalSection
	GlobalSection(NestedProjects) = preSolution
		{D7A99719-7266-4C7D-8836-679855758198} = {9A524D01-38DB-4BCA-97ED-02D4039ED164}
		{E3F058FD-D21E-43E0-8F59-A7E0923CED3B} = {F42EB2DE-024A-4D5F-B3A3-7F5D5952C6B6}
		{B07A6653-4E44-4BE7-80F5-ADC8983B0CE8} = {097EFD88-8C21-424F-AF2D-20E59F9D06D3}
	EndGlobalSection
EndGlobal
